
Microsoft Visual Studio Solution File, Format Version 12.00
# Visual Studio Version 17
VisualStudioVersion = 17.5.001.0
MinimumVisualStudioVersion = 10.0.40219.1
Project("{9A19103F-16F7-4668-BE54-9A1E7A4F7556}") = "Zadacha47", "Zadacha47.csproj", "{8D3B5013-3F58-4189-9B16-EAF101123FDE}"
EndProject
Global
	GlobalSection(SolutionConfigurationPlatforms) = preSolution
		Debug|Any CPU = Debug|Any CPU
		Release|Any CPU = Release|Any CPU
	EndGlobalSection
	GlobalSection(ProjectConfigurationPlatforms) = postSolution
		{8D3B5013-3F58-4189-9B16-EAF101123FDE}.Debug|Any CPU.ActiveCfg = Debug|Any CPU
		{8D3B5013-3F58-4189-9B16-EAF101123FDE}.Debug|Any CPU.Build.0 = Debug|Any CPU
		{8D3B5013-3F58-4189-9B16-EAF101123FDE}.Release|Any CPU.ActiveCfg = Release|Any CPU
		{8D3B5013-3F58-4189-9B16-EAF101123FDE}.Release|Any CPU.Build.0 = Release|Any CPU
	EndGlobalSection
	GlobalSection(SolutionProperties) = preSolution
		HideSolutionNode = FALSE
	EndGlobalSection
	GlobalSection(ExtensibilityGlobals) = postSolution
		SolutionGuid = {4C9D3D1D-8770-487B-8839-4370D79983E9}
	EndGlobalSection
EndGlobal
